
Microsoft Visual Studio Solution File, Format Version 12.00
# Visual Studio 15
VisualStudioVersion = 15.0.28307.1300
MinimumVisualStudioVersion = 10.0.40219.1
Project("{FAE04EC0-301F-11D3-BF4B-00C04F79EFBC}") = "StudentsLab", "StudentsLab\StudentsLab.csproj", "{A87ABB29-E32B-4CA8-BBBA-AEF537CE9A8F}"
EndProject
Project("{FAE04EC0-301F-11D3-BF4B-00C04F79EFBC}") = "View", "View\View.csproj", "{BA02214D-C41A-4571-97A0-5E64C2B4A74F}"
EndProject
Project("{FAE04EC0-301F-11D3-BF4B-00C04F79EFBC}") = "ChangeCoursePlagin", "ChangeCoursePlagin\ChangeCoursePlagin.csproj", "{DF163C48-5209-4223-8EBC-22B188FAB4AF}"
EndProject
Project("{FAE04EC0-301F-11D3-BF4B-00C04F79EFBC}") = "ChangeScholarshipPlugin", "ChangeScholarshipPlugin\ChangeScholarshipPlugin.csproj", "{7F351FB1-63EC-4C87-B678-A8A922C238CF}"
EndProject
Project("{FAE04EC0-301F-11D3-BF4B-00C04F79EFBC}") = "CreateReference", "CreateReference\CreateReference.csproj", "{8BE9AFE6-B930-483C-A458-1D00A24D0194}"
EndProject
Global
	GlobalSection(SolutionConfigurationPlatforms) = preSolution
		Debug|Any CPU = Debug|Any CPU
		Release|Any CPU = Release|Any CPU
	EndGlobalSection
	GlobalSection(ProjectConfigurationPlatforms) = postSolution
		{A87ABB29-E32B-4CA8-BBBA-AEF537CE9A8F}.Debug|Any CPU.ActiveCfg = Debug|Any CPU
		{A87ABB29-E32B-4CA8-BBBA-AEF537CE9A8F}.Debug|Any CPU.Build.0 = Debug|Any CPU
		{A87ABB29-E32B-4CA8-BBBA-AEF537CE9A8F}.Release|Any CPU.ActiveCfg = Release|Any CPU
		{A87ABB29-E32B-4CA8-BBBA-AEF537CE9A8F}.Release|Any CPU.Build.0 = Release|Any CPU
		{BA02214D-C41A-4571-97A0-5E64C2B4A74F}.Debug|Any CPU.ActiveCfg = Debug|Any CPU
		{BA02214D-C41A-4571-97A0-5E64C2B4A74F}.Debug|Any CPU.Build.0 = Debug|Any CPU
		{BA02214D-C41A-4571-97A0-5E64C2B4A74F}.Release|Any CPU.ActiveCfg = Release|Any CPU
		{BA02214D-C41A-4571-97A0-5E64C2B4A74F}.Release|Any CPU.Build.0 = Release|Any CPU
		{DF163C48-5209-4223-8EBC-22B188FAB4AF}.Debug|Any CPU.ActiveCfg = Debug|Any CPU
		{DF163C48-5209-4223-8EBC-22B188FAB4AF}.Debug|Any CPU.Build.0 = Debug|Any CPU
		{DF163C48-5209-4223-8EBC-22B188FAB4AF}.Release|Any CPU.ActiveCfg = Release|Any CPU
		{DF163C48-5209-4223-8EBC-22B188FAB4AF}.Release|Any CPU.Build.0 = Release|Any CPU
		{7F351FB1-63EC-4C87-B678-A8A922C238CF}.Debug|Any CPU.ActiveCfg = Debug|Any CPU
		{7F351FB1-63EC-4C87-B678-A8A922C238CF}.Debug|Any CPU.Build.0 = Debug|Any CPU
		{7F351FB1-63EC-4C87-B678-A8A922C238CF}.Release|Any CPU.ActiveCfg = Release|Any CPU
		{7F351FB1-63EC-4C87-B678-A8A922C238CF}.Release|Any CPU.Build.0 = Release|Any CPU
		{8BE9AFE6-B930-483C-A458-1D00A24D0194}.Debug|Any CPU.ActiveCfg = Debug|Any CPU
		{8BE9AFE6-B930-483C-A458-1D00A24D0194}.Debug|Any CPU.Build.0 = Debug|Any CPU
		{8BE9AFE6-B930-483C-A458-1D00A24D0194}.Release|Any CPU.ActiveCfg = Release|Any CPU
		{8BE9AFE6-B930-483C-A458-1D00A24D0194}.Release|Any CPU.Build.0 = Release|Any CPU
	EndGlobalSection
	GlobalSection(SolutionProperties) = preSolution
		HideSolutionNode = FALSE
	EndGlobalSection
	GlobalSection(ExtensibilityGlobals) = postSolution
		SolutionGuid = {E1BA879F-88D0-4634-8980-FB049FDC9704}
	EndGlobalSection
EndGlobal
